<?xml version="1.0" encoding="utf-8"?>
<Project ToolsVersion="4.0" xmlns="http://schemas.microsoft.com/developer/msbuild/2003">
  <ItemGroup>
    <Filter Include="Header files">
      <UniqueIdentifier>{93995380-89BD-4b04-88EB-625FBE52EBFB}</UniqueIdentifier>
      <Extensions>h;hh;hpp;hxx;hm;inl;inc;ipp;xsd</Extensions>
    </Filter>
    <Filter Include="Source files">
      <UniqueIdentifier>{4FC737F1-C7A5-4376-A066-2A32D752A2FF}</UniqueIdentifier>
      <Extensions>cpp;c;cc;cxx;def;odl;idl;hpj;bat;asm;asmx</Extensions>
    </Filter>
    <Filter Include="Resource files">
      <UniqueIdentifier>{67DA6AB6-F800-4c08-8B7A-83BB121AAD01}</UniqueIdentifier>
      <Extensions>rc;ico;cur;bmp;dlg;rc2;rct;bin;rgs;gif;jpg;jpeg;jpe;resx;tiff;tif;png;wav;mfcribbon-ms</Extensions>
    </Filter>
    <Filter Include="Header files\utils">
      <UniqueIdentifier>{e570ab7f-61c5-4050-b4da-b1cc768307f5}</UniqueIdentifier>
    </Filter>
    <Filter Include="Lua">
      <UniqueIdentifier>{512834f9-e4b8-4633-9c42-6d23508878e3}</UniqueIdentifier>
    </Filter>
    <Filter Include="Source files\MOSS">
      <UniqueIdentifier>{28804527-9977-4523-870b-87a2a35e6bb2}</UniqueIdentifier>
    </Filter>
    <Filter Include="Header files\MOSS">
      <UniqueIdentifier>{1747c131-6d56-432c-8114-82038d88b1a3}</UniqueIdentifier>
    </Filter>
    <Filter Include="Source files\dpl">
      <UniqueIdentifier>{4d7d3091-4537-446f-a22a-3e6e284cb291}</UniqueIdentifier>
    </Filter>
    <Filter Include="Header files\dpl">
      <UniqueIdentifier>{84e71adc-1620-4edd-80b7-4fe0a4ffe892}</UniqueIdentifier>
    </Filter>
  </ItemGroup>
  <ItemGroup>
    <ClInclude Include="framework.h">
      <Filter>Header files</Filter>
    </ClInclude>
    <ClInclude Include="pch.h">
      <Filter>Header files</Filter>
    </ClInclude>
    <ClInclude Include="utils.h">
      <Filter>Header files</Filter>
    </ClInclude>
    <ClInclude Include="utils\MemoryMgr.h">
      <Filter>Header files\utils</Filter>
    </ClInclude>
    <ClInclude Include="main.h">
      <Filter>Header files</Filter>
    </ClInclude>
    <ClInclude Include="Hooks.h">
      <Filter>Header files</Filter>
    </ClInclude>
    <ClInclude Include="Hooks_Redirect.h">
      <Filter>Header files</Filter>
    </ClInclude>
    <ClInclude Include="lua\includelua.h">
      <Filter>Lua</Filter>
    </ClInclude>
    <ClInclude Include="lua\quaternion_metatable.h">
      <Filter>Lua</Filter>
    </ClInclude>
    <ClInclude Include="lua\vector_metatable.h">
      <Filter>Lua</Filter>
    </ClInclude>
    <ClInclude Include="moss\Lua_Main.h">
      <Filter>Header files\MOSS</Filter>
    </ClInclude>
    <ClInclude Include="dpl\AIManager.h">
      <Filter>Header files\dpl</Filter>
    </ClInclude>
    <ClInclude Include="dpl\AutoPtr.h">
      <Filter>Header files\dpl</Filter>
    </ClInclude>
    <ClInclude Include="dpl\CCharacter.h">
      <Filter>Header files\dpl</Filter>
    </ClInclude>
    <ClInclude Include="dpl\CCharacterCategoryManager.h">
      <Filter>Header files\dpl</Filter>
    </ClInclude>
    <ClInclude Include="dpl\CCharacterManager.h">
      <Filter>Header files\dpl</Filter>
    </ClInclude>
    <ClInclude Include="dpl\CHandling.h">
      <Filter>Header files\dpl</Filter>
    </ClInclude>
    <ClInclude Include="dpl\CharacterAIManager.h">
      <Filter>Header files\dpl</Filter>
    </ClInclude>
    <ClInclude Include="dpl\CLifeAcquirableVehicleManager.h">
      <Filter>Header files\dpl</Filter>
    </ClInclude>
    <ClInclude Include="dpl\CLifeEventDataManager.h">
      <Filter>Header files\dpl</Filter>
    </ClInclude>
    <ClInclude Include="dpl\CLifeInstance_Character.h">
      <Filter>Header files\dpl</Filter>
    </ClInclude>
    <ClInclude Include="dpl\CLifePlayer.h">
      <Filter>Header files\dpl</Filter>
    </ClInclude>
    <ClInclude Include="dpl\CLifeProgression.h">
      <Filter>Header files\dpl</Filter>
    </ClInclude>
    <ClInclude Include="dpl\CLifePropertyStream.h">
      <Filter>Header files\dpl</Filter>
    </ClInclude>
    <ClInclude Include="dpl\CLifeSystem.h">
      <Filter>Header files\dpl</Filter>
    </ClInclude>
    <ClInclude Include="dpl\CLifeSystemCommentLog.h">
      <Filter>Header files\dpl</Filter>
    </ClInclude>
    <ClInclude Include="dpl\CLoadingScreen.h">
      <Filter>Header files\dpl</Filter>
    </ClInclude>
    <ClInclude Include="dpl\CMenuManager.h">
      <Filter>Header files\dpl</Filter>
    </ClInclude>
    <ClInclude Include="dpl\CPCViewport.h">
      <Filter>Header files\dpl</Filter>
    </ClInclude>
    <ClInclude Include="dpl\CPlayerDriverBehaviour.h">
      <Filter>Header files\dpl</Filter>
    </ClInclude>
    <ClInclude Include="dpl\CPlaylist.h">
      <Filter>Header files\dpl</Filter>
    </ClInclude>
    <ClInclude Include="dpl\CVehicleManager.h">
      <Filter>Header files\dpl</Filter>
    </ClInclude>
    <ClInclude Include="dpl\CWeapon.h">
      <Filter>Header files\dpl</Filter>
    </ClInclude>
    <ClInclude Include="dpl\CWipeManager.h">
      <Filter>Header files\dpl</Filter>
    </ClInclude>
    <ClInclude Include="dpl\EAnimStates.h">
      <Filter>Header files\dpl</Filter>
    </ClInclude>
    <ClInclude Include="dpl\ECharacterRoles.h">
      <Filter>Header files\dpl</Filter>
    </ClInclude>
    <ClInclude Include="dpl\ECharacterType.h">
      <Filter>Header files\dpl</Filter>
    </ClInclude>
    <ClInclude Include="dpl\ECharAnimType.h">
      <Filter>Header files\dpl</Filter>
    </ClInclude>
    <ClInclude Include="dpl\ECheat.h">
      <Filter>Header files\dpl</Filter>
    </ClInclude>
    <ClInclude Include="dpl\EGadgetType.h">
      <Filter>Header files\dpl</Filter>
    </ClInclude>
    <ClInclude Include="dpl\EGenericTextID.h">
      <Filter>Header files\dpl</Filter>
    </ClInclude>
    <ClInclude Include="dpl\EInputAction.h">
      <Filter>Header files\dpl</Filter>
    </ClInclude>
    <ClInclude Include="dpl\EMenu.h">
      <Filter>Header files\dpl</Filter>
    </ClInclude>
    <ClInclude Include="dpl\EMenuState.h">
      <Filter>Header files\dpl</Filter>
    </ClInclude>
    <ClInclude Include="dpl\ePartSubType.h">
      <Filter>Header files\dpl</Filter>
    </ClInclude>
    <ClInclude Include="dpl\EVehicleDoor.h">
      <Filter>Header files\dpl</Filter>
    </ClInclude>
    <ClInclude Include="dpl\eWeaponAnimType.h">
      <Filter>Header files\dpl</Filter>
    </ClInclude>
    <ClInclude Include="dpl\GameCamera.h">
      <Filter>Header files\dpl</Filter>
    </ClInclude>
    <ClInclude Include="dpl\HAnimInstance.h">
      <Filter>Header files\dpl</Filter>
    </ClInclude>
    <ClInclude Include="dpl\Matrix.h">
      <Filter>Header files\dpl</Filter>
    </ClInclude>
    <ClInclude Include="dpl\SpoolableResourceManager.h">
      <Filter>Header files\dpl</Filter>
    </ClInclude>
    <ClInclude Include="dpl\Vector.h">
      <Filter>Header files\dpl</Filter>
    </ClInclude>
    <ClInclude Include="dpl\Vector4.h">
      <Filter>Header files\dpl</Filter>
    </ClInclude>
    <ClInclude Include="dpl\VehicleModel.h">
      <Filter>Header files\dpl</Filter>
    </ClInclude>
    <ClInclude Include="dpl\WireCollection.h">
      <Filter>Header files\dpl</Filter>
    </ClInclude>
    <ClInclude Include="dpl\LocalisedString.h">
      <Filter>Header files\dpl</Filter>
    </ClInclude>
    <ClInclude Include="moss\Lua_Character.h">
      <Filter>Header files\MOSS</Filter>
    </ClInclude>
    <ClInclude Include="moss\Lua_MissionFuncs.h">
      <Filter>Header files\MOSS</Filter>
    </ClInclude>
    <ClInclude Include="moss\Lua_Vehicle.h">
      <Filter>Header files\MOSS</Filter>
    </ClInclude>
    <ClInclude Include="moss\Lua_Hooking.h">
      <Filter>Header files\MOSS</Filter>
    </ClInclude>
    <ClInclude Include="dpl\VehicleSpecification.h">
      <Filter>Header files\dpl</Filter>
    </ClInclude>
    <ClInclude Include="dpl\VehicleSpecificationManager.h">
      <Filter>Header files\dpl</Filter>
    </ClInclude>
    <ClInclude Include="dpl\GameOverlayManager.h">
      <Filter>Header files\dpl</Filter>
    </ClInclude>
    <ClInclude Include="dpl\InGameMovie.h">
      <Filter>Header files\dpl</Filter>
    </ClInclude>
    <ClInclude Include="dpl\Model.h">
      <Filter>Header files\dpl</Filter>
    </ClInclude>
    <ClInclude Include="dpl\Physics.h">
      <Filter>Header files\dpl</Filter>
    </ClInclude>
    <ClInclude Include="dpl\Sprite.h">
      <Filter>Header files\dpl</Filter>
    </ClInclude>
    <ClInclude Include="dpl\AIFelonySystemFelonyManager.h">
      <Filter>Header files\dpl</Filter>
    </ClInclude>
    <ClInclude Include="dpl\AmbientSoundManager.h">
      <Filter>Header files\dpl</Filter>
    </ClInclude>
    <ClInclude Include="dpl\LifeEnvironment.h">
      <Filter>Header files\dpl</Filter>
    </ClInclude>
    <ClInclude Include="dpl\ProfileSettings.h">
      <Filter>Header files\dpl</Filter>
    </ClInclude>
    <ClInclude Include="dpl\ResidentArea.h">
      <Filter>Header files\dpl</Filter>
    </ClInclude>
    <ClInclude Include="dpl\Speed.h">
      <Filter>Header files\dpl</Filter>
    </ClInclude>
    <ClInclude Include="dpl\Vehicle.h">
      <Filter>Header files\dpl</Filter>
    </ClInclude>
    <ClInclude Include="dpl\AIHelicopterClass.h">
      <Filter>Header files\dpl</Filter>
    </ClInclude>
    <ClInclude Include="dpl\Factory.h">
      <Filter>Header files\dpl</Filter>
    </ClInclude>
    <ClInclude Include="moss\Lua_Helicopter.h">
      <Filter>Header files\MOSS</Filter>
    </ClInclude>
    <ClInclude Include="moss\Lua_MapItem.h">
      <Filter>Header files\MOSS</Filter>
    </ClInclude>
    <ClInclude Include="dpl\CGadgetHandler.h">
      <Filter>Header files\dpl</Filter>
    </ClInclude>
    <ClInclude Include="dpl\SStaticInstance.h">
      <Filter>Header files\dpl</Filter>
    </ClInclude>
    <ClInclude Include="dpl\ELodType.h">
      <Filter>Header files\dpl</Filter>
    </ClInclude>
    <ClInclude Include="dpl\CLifeVisuals.h">
      <Filter>Header files\dpl</Filter>
    </ClInclude>
    <ClInclude Include="dpl\EAddWipe.h">
      <Filter>Header files\dpl</Filter>
    </ClInclude>
    <ClInclude Include="dpl\LifeInstances.h">
      <Filter>Header files\dpl</Filter>
    </ClInclude>
    <ClInclude Include="dpl\VisualsInputManager.h">
      <Filter>Header files\dpl</Filter>
    </ClInclude>
    <ClInclude Include="dpl\GenericStringManager.h">
      <Filter>Header files\dpl</Filter>
    </ClInclude>
    <ClInclude Include="dpl\PlayerInVehicleInputs.h">
      <Filter>Header files\dpl</Filter>
    </ClInclude>
    <ClInclude Include="dpl\Input.h">
      <Filter>Header files\dpl</Filter>
    </ClInclude>
    <ClInclude Include="dpl\InputManager.h">
      <Filter>Header files\dpl</Filter>
    </ClInclude>
    <ClInclude Include="dpl\CLifeActor_Prop.h">
      <Filter>Header files\dpl</Filter>
    </ClInclude>
    <ClInclude Include="dpl\CTargetManager.h">
      <Filter>Header files\dpl</Filter>
    </ClInclude>
    <ClInclude Include="dpl\SObjectiveIcon.h">
      <Filter>Header files\dpl</Filter>
    </ClInclude>
    <ClInclude Include="dpl\CLifeActor.h">
      <Filter>Header files\dpl</Filter>
    </ClInclude>
    <ClInclude Include="moss\Lua_ObjectiveIcon.h">
      <Filter>Header files\MOSS</Filter>
    </ClInclude>
    <ClInclude Include="dpl\CFontManager.h">
      <Filter>Header files\dpl</Filter>
    </ClInclude>
    <ClInclude Include="moss\Lua_Prop.h">
      <Filter>Header files\MOSS</Filter>
    </ClInclude>
    <ClInclude Include="dpl\EWeapons.h">
      <Filter>Header files\dpl</Filter>
    </ClInclude>
    <ClInclude Include="moss\Lua_ResourceManager.h">
      <Filter>Header files\MOSS</Filter>
    </ClInclude>
    <ClInclude Include="dpl\CLifeActor_Vehicle.h">
      <Filter>Header files\dpl</Filter>
    </ClInclude>
    <ClInclude Include="dpl\CLifeInstance_Vehicle.h">
      <Filter>Header files\dpl</Filter>
    </ClInclude>
    <ClInclude Include="moss\Lua_VehicleInstance.h">
      <Filter>Header files\MOSS</Filter>
    </ClInclude>
    <ClInclude Include="moss\Lua_VehicleActor.h">
      <Filter>Header files\MOSS</Filter>
    </ClInclude>
    <ClInclude Include="dpl\MathFuncs.h">
      <Filter>Header files\dpl</Filter>
    </ClInclude>
    <ClInclude Include="dpl\CSpoolableMissionObject.h">
      <Filter>Header files\dpl</Filter>
    </ClInclude>
  </ItemGroup>
  <ItemGroup>
    <ClCompile Include="pch.cpp">
      <Filter>Source files</Filter>
    </ClCompile>
    <ClCompile Include="utils.cpp">
      <Filter>Source files</Filter>
    </ClCompile>
    <ClCompile Include="main.cpp">
      <Filter>Source files</Filter>
    </ClCompile>
    <ClCompile Include="Hooks.cpp">
      <Filter>Source files</Filter>
    </ClCompile>
    <ClCompile Include="Hooks_Redirect.cpp">
      <Filter>Source files</Filter>
    </ClCompile>
    <ClCompile Include="lua\quaternion_metatable.cpp">
      <Filter>Lua</Filter>
    </ClCompile>
    <ClCompile Include="lua\vector_metatable.cpp">
      <Filter>Lua</Filter>
    </ClCompile>
    <ClCompile Include="moss\Lua_Main.cpp">
      <Filter>Source files\MOSS</Filter>
    </ClCompile>
    <ClCompile Include="dpl\AIManager.cpp">
      <Filter>Source files\dpl</Filter>
    </ClCompile>
    <ClCompile Include="dpl\CCharacter.cpp">
      <Filter>Source files\dpl</Filter>
    </ClCompile>
    <ClCompile Include="dpl\CCharacterCategoryManager.cpp">
      <Filter>Source files\dpl</Filter>
    </ClCompile>
    <ClCompile Include="dpl\CCharacterManager.cpp">
      <Filter>Source files\dpl</Filter>
    </ClCompile>
    <ClCompile Include="dpl\CHandling.cpp">
      <Filter>Source files\dpl</Filter>
    </ClCompile>
    <ClCompile Include="dpl\CharacterAIManager.cpp">
      <Filter>Source files\dpl</Filter>
    </ClCompile>
    <ClCompile Include="dpl\CLifeAcquirableVehicleManager.cpp">
      <Filter>Source files\dpl</Filter>
    </ClCompile>
    <ClCompile Include="dpl\CLifeEventDataManager.cpp">
      <Filter>Source files\dpl</Filter>
    </ClCompile>
    <ClCompile Include="dpl\CLifeInstance_Character.cpp">
      <Filter>Source files\dpl</Filter>
    </ClCompile>
    <ClCompile Include="dpl\CLifePlayer.cpp">
      <Filter>Source files\dpl</Filter>
    </ClCompile>
    <ClCompile Include="dpl\CLifeProgression.cpp">
      <Filter>Source files\dpl</Filter>
    </ClCompile>
    <ClCompile Include="dpl\CLifePropertyStream.cpp">
      <Filter>Source files\dpl</Filter>
    </ClCompile>
    <ClCompile Include="dpl\CLifeSystem.cpp">
      <Filter>Source files\dpl</Filter>
    </ClCompile>
    <ClCompile Include="dpl\CLifeSystemCommentLog.cpp">
      <Filter>Source files\dpl</Filter>
    </ClCompile>
    <ClCompile Include="dpl\CLoadingScreen.cpp">
      <Filter>Source files\dpl</Filter>
    </ClCompile>
    <ClCompile Include="dpl\CMenuManager.cpp">
      <Filter>Source files\dpl</Filter>
    </ClCompile>
    <ClCompile Include="dpl\CPCViewport.cpp">
      <Filter>Source files\dpl</Filter>
    </ClCompile>
    <ClCompile Include="dpl\CPlayerDriverBehaviour.cpp">
      <Filter>Source files\dpl</Filter>
    </ClCompile>
    <ClCompile Include="dpl\CPlaylist.cpp">
      <Filter>Source files\dpl</Filter>
    </ClCompile>
    <ClCompile Include="dpl\CVehicleManager.cpp">
      <Filter>Source files\dpl</Filter>
    </ClCompile>
    <ClCompile Include="dpl\CWeapon.cpp">
      <Filter>Source files\dpl</Filter>
    </ClCompile>
    <ClCompile Include="dpl\CWipeManager.cpp">
      <Filter>Source files\dpl</Filter>
    </ClCompile>
    <ClCompile Include="dpl\GameCamera.cpp">
      <Filter>Source files\dpl</Filter>
    </ClCompile>
    <ClCompile Include="dpl\HAnimInstance.cpp">
      <Filter>Source files\dpl</Filter>
    </ClCompile>
    <ClCompile Include="dpl\Matrix.cpp">
      <Filter>Source files\dpl</Filter>
    </ClCompile>
    <ClCompile Include="dpl\SpoolableResourceManager.cpp">
      <Filter>Source files\dpl</Filter>
    </ClCompile>
    <ClCompile Include="moss\Lua_Character.cpp">
      <Filter>Source files\MOSS</Filter>
    </ClCompile>
    <ClCompile Include="moss\Lua_MissionFuncs.cpp">
      <Filter>Source files\MOSS</Filter>
    </ClCompile>
    <ClCompile Include="moss\Lua_Vehicle.cpp">
      <Filter>Source files\MOSS</Filter>
    </ClCompile>
    <ClCompile Include="dpl\Vehicle.cpp">
      <Filter>Source files\dpl</Filter>
    </ClCompile>
    <ClCompile Include="moss\Lua_Hooking.cpp">
      <Filter>Source files\MOSS</Filter>
    </ClCompile>
    <ClCompile Include="dpl\VehicleSpecification.cpp">
      <Filter>Source files\dpl</Filter>
    </ClCompile>
    <ClCompile Include="dpl\VehicleSpecificationManager.cpp">
      <Filter>Source files\dpl</Filter>
    </ClCompile>
    <ClCompile Include="dpl\GameOverlayManager.cpp">
      <Filter>Source files\dpl</Filter>
    </ClCompile>
    <ClCompile Include="dpl\InGameMovie.cpp">
      <Filter>Source files\dpl</Filter>
    </ClCompile>
    <ClCompile Include="dpl\Physics.cpp">
      <Filter>Source files\dpl</Filter>
    </ClCompile>
    <ClCompile Include="dpl\AIFelonySystemFelonyManager.cpp">
      <Filter>Source files\dpl</Filter>
    </ClCompile>
    <ClCompile Include="dpl\AmbientSoundManager.cpp">
      <Filter>Source files\dpl</Filter>
    </ClCompile>
    <ClCompile Include="dpl\LifeEnvironment.cpp">
      <Filter>Source files\dpl</Filter>
    </ClCompile>
    <ClCompile Include="dpl\ProfileSettings.cpp">
      <Filter>Source files\dpl</Filter>
    </ClCompile>
    <ClCompile Include="dpl\ResidentArea.cpp">
      <Filter>Source files\dpl</Filter>
    </ClCompile>
    <ClCompile Include="dpl\Speed.cpp">
      <Filter>Source files\dpl</Filter>
    </ClCompile>
    <ClCompile Include="dpl\LifeInstances.cpp">
      <Filter>Source files\dpl</Filter>
    </ClCompile>
    <ClCompile Include="dpl\AIHelicopterClass.cpp">
      <Filter>Source files\dpl</Filter>
    </ClCompile>
    <ClCompile Include="dpl\Factory.cpp">
      <Filter>Source files\dpl</Filter>
    </ClCompile>
    <ClCompile Include="moss\Lua_Helicopter.cpp">
      <Filter>Source files\MOSS</Filter>
    </ClCompile>
    <ClCompile Include="dpl\Vector.cpp">
      <Filter>Source files\dpl</Filter>
    </ClCompile>
    <ClCompile Include="dpl\Vector4.cpp">
      <Filter>Source files\dpl</Filter>
    </ClCompile>
    <ClCompile Include="moss\Lua_MapItem.cpp">
      <Filter>Source files\MOSS</Filter>
    </ClCompile>
    <ClCompile Include="dpl\CGadgetHandler.cpp">
      <Filter>Source files\dpl</Filter>
    </ClCompile>
    <ClCompile Include="dpl\VisualsInputManager.cpp">
      <Filter>Source files\dpl</Filter>
    </ClCompile>
    <ClCompile Include="dpl\GenericStringManager.cpp">
      <Filter>Source files\dpl</Filter>
    </ClCompile>
    <ClCompile Include="dpl\PlayerInVehicleInputs.cpp">
      <Filter>Source files\dpl</Filter>
    </ClCompile>
    <ClCompile Include="dpl\InputManager.cpp">
      <Filter>Source files\dpl</Filter>
    </ClCompile>
    <ClCompile Include="dpl\CTargetManager.cpp">
      <Filter>Source files\dpl</Filter>
    </ClCompile>
    <ClCompile Include="dpl\SObjectiveIcon.cpp">
      <Filter>Source files\dpl</Filter>
    </ClCompile>
    <ClCompile Include="moss\Lua_ObjectiveIcon.cpp">
      <Filter>Source files\MOSS</Filter>
    </ClCompile>
    <ClCompile Include="dpl\CFontManager.cpp">
      <Filter>Source files\dpl</Filter>
    </ClCompile>
    <ClCompile Include="dpl\CLifeActor_Prop.cpp">
      <Filter>Source files\dpl</Filter>
    </ClCompile>
    <ClCompile Include="dpl\CLifeActor.cpp">
      <Filter>Source files\dpl</Filter>
    </ClCompile>
    <ClCompile Include="moss\Lua_Prop.cpp">
      <Filter>Source files\MOSS</Filter>
    </ClCompile>
    <ClCompile Include="moss\Lua_ResourceManager.cpp">
      <Filter>Source files\MOSS</Filter>
    </ClCompile>
    <ClCompile Include="moss\Lua_VehicleInstance.cpp">
      <Filter>Source files\MOSS</Filter>
    </ClCompile>
    <ClCompile Include="moss\Lua_VehicleActor.cpp">
      <Filter>Source files\MOSS</Filter>
    </ClCompile>
    <ClCompile Include="dpl\CLifeInstance_Vehicle.cpp">
      <Filter>Source files\dpl</Filter>
    </ClCompile>
    <ClCompile Include="dpl\CLifeActor_Vehicle.cpp">
      <Filter>Source files\dpl</Filter>
    </ClCompile>
    <ClCompile Include="dpl\MathFuncs.cpp">
      <Filter>Source files\dpl</Filter>
    </ClCompile>
  </ItemGroup>
</Project>